
Microsoft Visual Studio Solution File, Format Version 12.00
# Visual Studio Version 16
VisualStudioVersion = 16.0.30309.148
MinimumVisualStudioVersion = 10.0.40219.1
Project("{FAE04EC0-301F-11D3-BF4B-00C04F79EFBC}") = "Branching_Assignment", "Branching_Assignment.csproj", "{906E9AA5-1F3C-4F66-A2C9-5F96015BFA58}"
EndProject
Global
	GlobalSection(SolutionConfigurationPlatforms) = preSolution
		Debug|Any CPU = Debug|Any CPU
		Release|Any CPU = Release|Any CPU
	EndGlobalSection
	GlobalSection(ProjectConfigurationPlatforms) = postSolution
		{906E9AA5-1F3C-4F66-A2C9-5F96015BFA58}.Debug|Any CPU.ActiveCfg = Debug|Any CPU
		{906E9AA5-1F3C-4F66-A2C9-5F96015BFA58}.Debug|Any CPU.Build.0 = Debug|Any CPU
		{906E9AA5-1F3C-4F66-A2C9-5F96015BFA58}.Release|Any CPU.ActiveCfg = Release|Any CPU
		{906E9AA5-1F3C-4F66-A2C9-5F96015BFA58}.Release|Any CPU.Build.0 = Release|Any CPU
	EndGlobalSection
	GlobalSection(SolutionProperties) = preSolution
		HideSolutionNode = FALSE
	EndGlobalSection
	GlobalSection(ExtensibilityGlobals) = postSolution
		SolutionGuid = {281793EF-7BFF-4D4E-933D-26F82D15F7DB}
	EndGlobalSection
EndGlobal
