
Microsoft Visual Studio Solution File, Format Version 12.00
# Visual Studio Version 16
VisualStudioVersion = 16.0.30413.136
MinimumVisualStudioVersion = 10.0.40219.1
Project("{FAE04EC0-301F-11D3-BF4B-00C04F79EFBC}") = "ConstVariable_Assignment", "ConstVariable_Assignment.csproj", "{F7947077-6BDA-4FE0-8227-52EF3138DEE1}"
EndProject
Global
	GlobalSection(SolutionConfigurationPlatforms) = preSolution
		Debug|Any CPU = Debug|Any CPU
		Release|Any CPU = Release|Any CPU
	EndGlobalSection
	GlobalSection(ProjectConfigurationPlatforms) = postSolution
		{F7947077-6BDA-4FE0-8227-52EF3138DEE1}.Debug|Any CPU.ActiveCfg = Debug|Any CPU
		{F7947077-6BDA-4FE0-8227-52EF3138DEE1}.Debug|Any CPU.Build.0 = Debug|Any CPU
		{F7947077-6BDA-4FE0-8227-52EF3138DEE1}.Release|Any CPU.ActiveCfg = Release|Any CPU
		{F7947077-6BDA-4FE0-8227-52EF3138DEE1}.Release|Any CPU.Build.0 = Release|Any CPU
	EndGlobalSection
	GlobalSection(SolutionProperties) = preSolution
		HideSolutionNode = FALSE
	EndGlobalSection
	GlobalSection(ExtensibilityGlobals) = postSolution
		SolutionGuid = {7D448511-3E8E-43BA-9A09-5D02D62B424E}
	EndGlobalSection
EndGlobal
