
Microsoft Visual Studio Solution File, Format Version 12.00
# Visual Studio Version 16
VisualStudioVersion = 16.0.30413.136
MinimumVisualStudioVersion = 10.0.40219.1
Project("{9A19103F-16F7-4668-BE54-9A1E7A4F7556}") = "helloworld1", "helloworld1.csproj", "{B8A7CC53-C697-4C7D-80C8-4C89748D58E1}"
EndProject
Global
	GlobalSection(SolutionConfigurationPlatforms) = preSolution
		Debug|Any CPU = Debug|Any CPU
		Release|Any CPU = Release|Any CPU
	EndGlobalSection
	GlobalSection(ProjectConfigurationPlatforms) = postSolution
		{B8A7CC53-C697-4C7D-80C8-4C89748D58E1}.Debug|Any CPU.ActiveCfg = Debug|Any CPU
		{B8A7CC53-C697-4C7D-80C8-4C89748D58E1}.Debug|Any CPU.Build.0 = Debug|Any CPU
		{B8A7CC53-C697-4C7D-80C8-4C89748D58E1}.Release|Any CPU.ActiveCfg = Release|Any CPU
		{B8A7CC53-C697-4C7D-80C8-4C89748D58E1}.Release|Any CPU.Build.0 = Release|Any CPU
	EndGlobalSection
	GlobalSection(SolutionProperties) = preSolution
		HideSolutionNode = FALSE
	EndGlobalSection
	GlobalSection(ExtensibilityGlobals) = postSolution
		SolutionGuid = {7AEA3B63-D784-4D8B-8347-CE4B33160675}
	EndGlobalSection
EndGlobal
