
Microsoft Visual Studio Solution File, Format Version 12.00
# Visual Studio Version 16
VisualStudioVersion = 16.0.30309.148
MinimumVisualStudioVersion = 10.0.40219.1
Project("{FAE04EC0-301F-11D3-BF4B-00C04F79EFBC}") = "11Part_Array_Assignment", "11Part_Array_Assignment.csproj", "{6C3A6099-5D94-4CC6-8709-6B80B85B7AA1}"
EndProject
Global
	GlobalSection(SolutionConfigurationPlatforms) = preSolution
		Debug|Any CPU = Debug|Any CPU
		Release|Any CPU = Release|Any CPU
	EndGlobalSection
	GlobalSection(ProjectConfigurationPlatforms) = postSolution
		{6C3A6099-5D94-4CC6-8709-6B80B85B7AA1}.Debug|Any CPU.ActiveCfg = Debug|Any CPU
		{6C3A6099-5D94-4CC6-8709-6B80B85B7AA1}.Debug|Any CPU.Build.0 = Debug|Any CPU
		{6C3A6099-5D94-4CC6-8709-6B80B85B7AA1}.Release|Any CPU.ActiveCfg = Release|Any CPU
		{6C3A6099-5D94-4CC6-8709-6B80B85B7AA1}.Release|Any CPU.Build.0 = Release|Any CPU
	EndGlobalSection
	GlobalSection(SolutionProperties) = preSolution
		HideSolutionNode = FALSE
	EndGlobalSection
	GlobalSection(ExtensibilityGlobals) = postSolution
		SolutionGuid = {C5009A95-9755-4C06-8B5E-A15B06295593}
	EndGlobalSection
EndGlobal
