
Microsoft Visual Studio Solution File, Format Version 12.00
# Visual Studio Version 16
VisualStudioVersion = 16.0.30309.148
MinimumVisualStudioVersion = 10.0.40219.1
Project("{FAE04EC0-301F-11D3-BF4B-00C04F79EFBC}") = "TwentyOne", "TwentyOne.csproj", "{C37C7D55-384A-4259-93F9-F4445B3DB3A5}"
EndProject
Project("{FAE04EC0-301F-11D3-BF4B-00C04F79EFBC}") = "Casino", "..\Casino\Casino.csproj", "{6AD0AC21-FA4C-4F5C-B965-C819C0310EE5}"
EndProject
Global
	GlobalSection(SolutionConfigurationPlatforms) = preSolution
		Debug|Any CPU = Debug|Any CPU
		Release|Any CPU = Release|Any CPU
	EndGlobalSection
	GlobalSection(ProjectConfigurationPlatforms) = postSolution
		{C37C7D55-384A-4259-93F9-F4445B3DB3A5}.Debug|Any CPU.ActiveCfg = Debug|Any CPU
		{C37C7D55-384A-4259-93F9-F4445B3DB3A5}.Debug|Any CPU.Build.0 = Debug|Any CPU
		{C37C7D55-384A-4259-93F9-F4445B3DB3A5}.Release|Any CPU.ActiveCfg = Release|Any CPU
		{C37C7D55-384A-4259-93F9-F4445B3DB3A5}.Release|Any CPU.Build.0 = Release|Any CPU
		{6AD0AC21-FA4C-4F5C-B965-C819C0310EE5}.Debug|Any CPU.ActiveCfg = Debug|Any CPU
		{6AD0AC21-FA4C-4F5C-B965-C819C0310EE5}.Debug|Any CPU.Build.0 = Debug|Any CPU
		{6AD0AC21-FA4C-4F5C-B965-C819C0310EE5}.Release|Any CPU.ActiveCfg = Release|Any CPU
		{6AD0AC21-FA4C-4F5C-B965-C819C0310EE5}.Release|Any CPU.Build.0 = Release|Any CPU
	EndGlobalSection
	GlobalSection(SolutionProperties) = preSolution
		HideSolutionNode = FALSE
	EndGlobalSection
	GlobalSection(ExtensibilityGlobals) = postSolution
		SolutionGuid = {1508C64D-F29D-45BA-8452-AF3FA1724B4E}
	EndGlobalSection
EndGlobal
