
Microsoft Visual Studio Solution File, Format Version 12.00
# Visual Studio Version 16
VisualStudioVersion = 16.0.30309.148
MinimumVisualStudioVersion = 10.0.40219.1
Project("{FAE04EC0-301F-11D3-BF4B-00C04F79EFBC}") = "Jens_String_Builder", "Jens_String_Builder.csproj", "{A2377CCC-5A92-431E-AF68-91AB332167EB}"
EndProject
Global
	GlobalSection(SolutionConfigurationPlatforms) = preSolution
		Debug|Any CPU = Debug|Any CPU
		Release|Any CPU = Release|Any CPU
	EndGlobalSection
	GlobalSection(ProjectConfigurationPlatforms) = postSolution
		{A2377CCC-5A92-431E-AF68-91AB332167EB}.Debug|Any CPU.ActiveCfg = Debug|Any CPU
		{A2377CCC-5A92-431E-AF68-91AB332167EB}.Debug|Any CPU.Build.0 = Debug|Any CPU
		{A2377CCC-5A92-431E-AF68-91AB332167EB}.Release|Any CPU.ActiveCfg = Release|Any CPU
		{A2377CCC-5A92-431E-AF68-91AB332167EB}.Release|Any CPU.Build.0 = Release|Any CPU
	EndGlobalSection
	GlobalSection(SolutionProperties) = preSolution
		HideSolutionNode = FALSE
	EndGlobalSection
	GlobalSection(ExtensibilityGlobals) = postSolution
		SolutionGuid = {8CFCE0E5-7F67-4B8F-92B8-2966412399F8}
	EndGlobalSection
EndGlobal
