
Microsoft Visual Studio Solution File, Format Version 12.00
# Visual Studio Version 16
VisualStudioVersion = 16.0.30309.148
MinimumVisualStudioVersion = 10.0.40219.1
Project("{FAE04EC0-301F-11D3-BF4B-00C04F79EFBC}") = "Iterations", "Iterations.csproj", "{D75ADBF3-58D2-46D6-83F5-90FD286806BB}"
EndProject
Global
	GlobalSection(SolutionConfigurationPlatforms) = preSolution
		Debug|Any CPU = Debug|Any CPU
		Release|Any CPU = Release|Any CPU
	EndGlobalSection
	GlobalSection(ProjectConfigurationPlatforms) = postSolution
		{D75ADBF3-58D2-46D6-83F5-90FD286806BB}.Debug|Any CPU.ActiveCfg = Debug|Any CPU
		{D75ADBF3-58D2-46D6-83F5-90FD286806BB}.Debug|Any CPU.Build.0 = Debug|Any CPU
		{D75ADBF3-58D2-46D6-83F5-90FD286806BB}.Release|Any CPU.ActiveCfg = Release|Any CPU
		{D75ADBF3-58D2-46D6-83F5-90FD286806BB}.Release|Any CPU.Build.0 = Release|Any CPU
	EndGlobalSection
	GlobalSection(SolutionProperties) = preSolution
		HideSolutionNode = FALSE
	EndGlobalSection
	GlobalSection(ExtensibilityGlobals) = postSolution
		SolutionGuid = {4C217ADF-BA5A-4947-827D-7D42BC3B8188}
	EndGlobalSection
EndGlobal
