
Microsoft Visual Studio Solution File, Format Version 12.00
# Visual Studio Version 16
VisualStudioVersion = 16.0.30309.148
MinimumVisualStudioVersion = 10.0.40219.1
Project("{FAE04EC0-301F-11D3-BF4B-00C04F79EFBC}") = "VariablesAndDataTypes_Assignment", "VariablesAndDataTypes_Assignment.csproj", "{59524863-EB40-4697-BEF3-22D2672F6CC0}"
EndProject
Global
	GlobalSection(SolutionConfigurationPlatforms) = preSolution
		Debug|Any CPU = Debug|Any CPU
		Release|Any CPU = Release|Any CPU
	EndGlobalSection
	GlobalSection(ProjectConfigurationPlatforms) = postSolution
		{59524863-EB40-4697-BEF3-22D2672F6CC0}.Debug|Any CPU.ActiveCfg = Debug|Any CPU
		{59524863-EB40-4697-BEF3-22D2672F6CC0}.Debug|Any CPU.Build.0 = Debug|Any CPU
		{59524863-EB40-4697-BEF3-22D2672F6CC0}.Release|Any CPU.ActiveCfg = Release|Any CPU
		{59524863-EB40-4697-BEF3-22D2672F6CC0}.Release|Any CPU.Build.0 = Release|Any CPU
	EndGlobalSection
	GlobalSection(SolutionProperties) = preSolution
		HideSolutionNode = FALSE
	EndGlobalSection
	GlobalSection(ExtensibilityGlobals) = postSolution
		SolutionGuid = {63DECA1C-CB34-4FEC-A1F3-70EE7E32D068}
	EndGlobalSection
EndGlobal
