
Microsoft Visual Studio Solution File, Format Version 12.00
# Visual Studio Version 16
VisualStudioVersion = 16.0.30309.148
MinimumVisualStudioVersion = 10.0.40219.1
Project("{FAE04EC0-301F-11D3-BF4B-00C04F79EFBC}") = "OperatorOverloading_Assignment", "OperatorOverloading_Assignment.csproj", "{D69ADCD5-BC12-4908-8E0E-4D96DB38A5A1}"
EndProject
Global
	GlobalSection(SolutionConfigurationPlatforms) = preSolution
		Debug|Any CPU = Debug|Any CPU
		Release|Any CPU = Release|Any CPU
	EndGlobalSection
	GlobalSection(ProjectConfigurationPlatforms) = postSolution
		{D69ADCD5-BC12-4908-8E0E-4D96DB38A5A1}.Debug|Any CPU.ActiveCfg = Debug|Any CPU
		{D69ADCD5-BC12-4908-8E0E-4D96DB38A5A1}.Debug|Any CPU.Build.0 = Debug|Any CPU
		{D69ADCD5-BC12-4908-8E0E-4D96DB38A5A1}.Release|Any CPU.ActiveCfg = Release|Any CPU
		{D69ADCD5-BC12-4908-8E0E-4D96DB38A5A1}.Release|Any CPU.Build.0 = Release|Any CPU
	EndGlobalSection
	GlobalSection(SolutionProperties) = preSolution
		HideSolutionNode = FALSE
	EndGlobalSection
	GlobalSection(ExtensibilityGlobals) = postSolution
		SolutionGuid = {FB496B09-A52F-4254-96BF-2E97512296C1}
	EndGlobalSection
EndGlobal
