
Microsoft Visual Studio Solution File, Format Version 12.00
# Visual Studio Version 16
VisualStudioVersion = 16.0.30309.148
MinimumVisualStudioVersion = 10.0.40219.1
Project("{FAE04EC0-301F-11D3-BF4B-00C04F79EFBC}") = "ExceptionHandling", "ExceptionHandling.csproj", "{D6036217-3670-484B-92DA-0F8DE9638055}"
EndProject
Global
	GlobalSection(SolutionConfigurationPlatforms) = preSolution
		Debug|Any CPU = Debug|Any CPU
		Release|Any CPU = Release|Any CPU
	EndGlobalSection
	GlobalSection(ProjectConfigurationPlatforms) = postSolution
		{D6036217-3670-484B-92DA-0F8DE9638055}.Debug|Any CPU.ActiveCfg = Debug|Any CPU
		{D6036217-3670-484B-92DA-0F8DE9638055}.Debug|Any CPU.Build.0 = Debug|Any CPU
		{D6036217-3670-484B-92DA-0F8DE9638055}.Release|Any CPU.ActiveCfg = Release|Any CPU
		{D6036217-3670-484B-92DA-0F8DE9638055}.Release|Any CPU.Build.0 = Release|Any CPU
	EndGlobalSection
	GlobalSection(SolutionProperties) = preSolution
		HideSolutionNode = FALSE
	EndGlobalSection
	GlobalSection(ExtensibilityGlobals) = postSolution
		SolutionGuid = {B80FA532-EE6C-4856-A12C-9F6B14B80F3B}
	EndGlobalSection
EndGlobal
